
Microsoft Visual Studio Solution File, Format Version 12.00
# Visual Studio Version 17
VisualStudioVersion = 17.0.31903.59
MinimumVisualStudioVersion = 10.0.40219.1
Project("{FAE04EC0-301F-11D3-BF4B-00C04F79EFBC}") = "FizzBuzzLibrary", "FizzBuzzLibrary\FizzBuzzLibrary.csproj", "{5D252C17-0521-4371-B183-F9DB891DB542}"
EndProject
Project("{FAE04EC0-301F-11D3-BF4B-00C04F79EFBC}") = "FizzBuzzTests", "FizzBuzzTests\FizzBuzzTests.csproj", "{6FFC40E3-42F4-4B7C-AD29-E121998A1BBF}"
EndProject
Project("{FAE04EC0-301F-11D3-BF4B-00C04F79EFBC}") = "FizzBuzzMvc", "FizzBuzzMvc\FizzBuzzMvc.csproj", "{8E794338-152E-44A6-BF93-AD5D56342613}"
EndProject
Global
	GlobalSection(SolutionConfigurationPlatforms) = preSolution
		Debug|Any CPU = Debug|Any CPU
		Release|Any CPU = Release|Any CPU
	EndGlobalSection
	GlobalSection(SolutionProperties) = preSolution
		HideSolutionNode = FALSE
	EndGlobalSection
	GlobalSection(ProjectConfigurationPlatforms) = postSolution
		{5D252C17-0521-4371-B183-F9DB891DB542}.Debug|Any CPU.ActiveCfg = Debug|Any CPU
		{5D252C17-0521-4371-B183-F9DB891DB542}.Debug|Any CPU.Build.0 = Debug|Any CPU
		{5D252C17-0521-4371-B183-F9DB891DB542}.Release|Any CPU.ActiveCfg = Release|Any CPU
		{5D252C17-0521-4371-B183-F9DB891DB542}.Release|Any CPU.Build.0 = Release|Any CPU
		{6FFC40E3-42F4-4B7C-AD29-E121998A1BBF}.Debug|Any CPU.ActiveCfg = Debug|Any CPU
		{6FFC40E3-42F4-4B7C-AD29-E121998A1BBF}.Debug|Any CPU.Build.0 = Debug|Any CPU
		{6FFC40E3-42F4-4B7C-AD29-E121998A1BBF}.Release|Any CPU.ActiveCfg = Release|Any CPU
		{6FFC40E3-42F4-4B7C-AD29-E121998A1BBF}.Release|Any CPU.Build.0 = Release|Any CPU
		{8E794338-152E-44A6-BF93-AD5D56342613}.Debug|Any CPU.ActiveCfg = Debug|Any CPU
		{8E794338-152E-44A6-BF93-AD5D56342613}.Debug|Any CPU.Build.0 = Debug|Any CPU
		{8E794338-152E-44A6-BF93-AD5D56342613}.Release|Any CPU.ActiveCfg = Release|Any CPU
		{8E794338-152E-44A6-BF93-AD5D56342613}.Release|Any CPU.Build.0 = Release|Any CPU
	EndGlobalSection
EndGlobal
